<?xml version="1.0" encoding="utf-8"?>
<Project ToolsVersion="4.0" xmlns="http://schemas.microsoft.com/developer/msbuild/2003">
  <ItemGroup>
    <Filter Include="Source Files">
      <UniqueIdentifier>{4FC737F1-C7A5-4376-A066-2A32D752A2FF}</UniqueIdentifier>
      <Extensions>cpp;c;cc;cxx;c++;cppm;ixx;def;odl;idl;hpj;bat;asm;asmx</Extensions>
    </Filter>
    <Filter Include="Header Files">
      <UniqueIdentifier>{93995380-89BD-4b04-88EB-625FBE52EBFB}</UniqueIdentifier>
      <Extensions>h;hh;hpp;hxx;h++;hm;inl;inc;ipp;xsd</Extensions>
    </Filter>
    <Filter Include="Resource Files">
      <UniqueIdentifier>{67DA6AB6-F800-4c08-8B7A-83BB121AAD01}</UniqueIdentifier>
      <Extensions>rc;ico;cur;bmp;dlg;rc2;rct;bin;rgs;gif;jpg;jpeg;jpe;resx;tiff;tif;png;wav;mfcribbon-ms</Extensions>
    </Filter>
    <Filter Include="flex_bvh">
      <UniqueIdentifier>{60d624cc-a808-4609-b6d4-e497967730ee}</UniqueIdentifier>
    </Filter>
  </ItemGroup>
  <ItemGroup>
    <ClCompile Include="crc64.cpp">
      <Filter>Source Files</Filter>
    </ClCompile>
    <ClCompile Include="BVHTracing2.cpp">
      <Filter>Source Files</Filter>
    </ClCompile>
    <ClCompile Include="flex_bvh\BVH.cpp">
      <Filter>flex_bvh</Filter>
    </ClCompile>
    <ClCompile Include="flex_bvh\AABB.cpp">
      <Filter>flex_bvh</Filter>
    </ClCompile>
    <ClCompile Include="flex_bvh\Triangle.cpp">
      <Filter>flex_bvh</Filter>
    </ClCompile>
    <ClCompile Include="flex_bvh\SAHBuilder.cpp">
      <Filter>flex_bvh</Filter>
    </ClCompile>
    <ClCompile Include="flex_bvh\BVHPartitions.cpp">
      <Filter>flex_bvh</Filter>
    </ClCompile>
    <ClCompile Include="flex_bvh\BVH8Converter.cpp">
      <Filter>flex_bvh</Filter>
    </ClCompile>
    <ClCompile Include="GLUtils.cpp">
      <Filter>Source Files</Filter>
    </ClCompile>
    <ClCompile Include="BVHTracing.cpp">
      <Filter>Source Files</Filter>
    </ClCompile>
  </ItemGroup>
  <ItemGroup>
    <ClInclude Include="crc64.h">
      <Filter>Header Files</Filter>
    </ClInclude>
    <ClInclude Include="flex_bvh\BVH.h">
      <Filter>flex_bvh</Filter>
    </ClInclude>
    <ClInclude Include="flex_bvh\AABB.h">
      <Filter>flex_bvh</Filter>
    </ClInclude>
    <ClInclude Include="flex_bvh\Triangle.h">
      <Filter>flex_bvh</Filter>
    </ClInclude>
    <ClInclude Include="flex_bvh\Constructors.h">
      <Filter>flex_bvh</Filter>
    </ClInclude>
    <ClInclude Include="flex_bvh\SAHBuilder.h">
      <Filter>flex_bvh</Filter>
    </ClInclude>
    <ClInclude Include="flex_bvh\BitArray.h">
      <Filter>flex_bvh</Filter>
    </ClInclude>
    <ClInclude Include="flex_bvh\Sort.h">
      <Filter>flex_bvh</Filter>
    </ClInclude>
    <ClInclude Include="flex_bvh\Compare.h">
      <Filter>flex_bvh</Filter>
    </ClInclude>
    <ClInclude Include="flex_bvh\Util.h">
      <Filter>flex_bvh</Filter>
    </ClInclude>
    <ClInclude Include="flex_bvh\BVHPartitions.h">
      <Filter>flex_bvh</Filter>
    </ClInclude>
    <ClInclude Include="flex_bvh\Ray.h">
      <Filter>flex_bvh</Filter>
    </ClInclude>
    <ClInclude Include="flex_bvh\BVH8Converter.h">
      <Filter>flex_bvh</Filter>
    </ClInclude>
    <ClInclude Include="GLUtils.h">
      <Filter>Source Files</Filter>
    </ClInclude>
  </ItemGroup>
</Project>